// !$*UTF8*$!
{
	archiveVersion = 1;
	classes = {
	};
	objectVersion = 46;
	objects = {

/* Begin PBXBuildFile section */
		6064327C1DCDED5000F64334 /* AppDelegate.swift in Sources */ = {isa = PBXBuildFile; fileRef = 6064327B1DCDED5000F64334 /* AppDelegate.swift */; };
		6064327E1DCDED5000F64334 /* ViewController.swift in Sources */ = {isa = PBXBuildFile; fileRef = 6064327D1DCDED5000F64334 /* ViewController.swift */; };
		606432811DCDED5100F64334 /* Main.storyboard in Resources */ = {isa = PBXBuildFile; fileRef = 6064327F1DCDED5100F64334 /* Main.storyboard */; };
		606432831DCDED5100F64334 /* Assets.xcassets in Resources */ = {isa = PBXBuildFile; fileRef = 606432821DCDED5100F64334 /* Assets.xcassets */; };
		606432861DCDED5100F64334 /* LaunchScreen.storyboard in Resources */ = {isa = PBXBuildFile; fileRef = 606432841DCDED5100F64334 /* LaunchScreen.storyboard */; };
/* End PBXBuildFile section */

/* Begin PBXFileReference section */
		606432781DCDED5000F64334 /* revert.app */ = {isa = PBXFileReference; explicitFileType = wrapper.application; includeInIndex = 0; path = revert.app; sourceTree = BUILT_PRODUCTS_DIR; };
		6064327B1DCDED5000F64334 /* AppDelegate.swift */ = {isa = PBXFileReference; lastKnownFileType = sourcecode.swift; path = AppDelegate.swift; sourceTree = "<group>"; };
		6064327D1DCDED5000F64334 /* ViewController.swift */ = {isa = PBXFileReference; lastKnownFileType = sourcecode.swift; path = ViewController.swift; sourceTree = "<group>"; };
		606432801DCDED5100F64334 /* Base */ = {isa = PBXFileReference; lastKnownFileType = file.storyboard; name = Base; path = Base.lproj/Main.storyboard; sourceTree = "<group>"; };
		606432821DCDED5100F64334 /* Assets.xcassets */ = {isa = PBXFileReference; lastKnownFileType = folder.assetcatalog; path = Assets.xcassets; sourceTree = "<group>"; };
		606432851DCDED5100F64334 /* Base */ = {isa = PBXFileReference; lastKnownFileType = file.storyboard; name = Base; path = Base.lproj/LaunchScreen.storyboard; sourceTree = "<group>"; };
		606432871DCDED5100F64334 /* Info.plist */ = {isa = PBXFileReference; lastKnownFileType = text.plist.xml; path = Info.plist; sourceTree = "<group>"; };
/* End PBXFileReference section */

/* Begin PBXFrameworksBuildPhase section */
		606432751DCDED5000F64334 /* Frameworks */ = {
			isa = PBXFrameworksBuildPhase;
			buildActionMask = 2147483647;
			files = (
			);
			runOnlyForDeploymentPostprocessing = 0;
		};
/* End PBXFrameworksBuildPhase section */

/* Begin PBXGroup section */
		6064326F1DCDED5000F64334 = {
			isa = PBXGroup;
			children = (
				6064327A1DCDED5000F64334 /* revert */,
				606432791DCDED5000F64334 /* Products */,
			);
			sourceTree = "<group>";
		};
		606432791DCDED5000F64334 /* Products */ = {
			isa = PBXGroup;
			children = (
				606432781DCDED5000F64334 /* revert.app */,
			);
			name = Products;
			sourceTree = "<group>";
		};
		6064327A1DCDED5000F64334 /* revert */ = {
			isa = PBXGroup;
			children = (
				6064327B1DCDED5000F64334 /* AppDelegate.swift */,
				6064327D1DCDED5000F64334 /* ViewController.swift */,
				6064327F1DCDED5100F64334 /* Main.storyboard */,
				606432821DCDED5100F64334 /* Assets.xcassets */,
				606432841DCDED5100F64334 /* LaunchScreen.storyboard */,
				606432871DCDED5100F64334 /* Info.plist */,
			);
			path = revert;
			sourceTree = "<group>";
		};
/* End PBXGroup section */

/* Begin PBXNativeTarget section */
		606432771DCDED5000F64334 /* revert */ = {
			isa = PBXNativeTarget;
			buildConfigurationList = 6064328A1DCDED5100F64334 /* Build configuration list for PBXNativeTarget "revert" */;
			buildPhases = (
				606432741DCDED5000F64334 /* Sources */,
				606432751DCDED5000F64334 /* Frameworks */,
				606432761DCDED5000F64334 /* Resources */,
			);
			buildRules = (
			);
			dependencies = (
			);
			name = revert;
			productName = revert;
			productReference = 606432781DCDED5000F64334 /* revert.app */;
			productType = "com.apple.product-type.application";
		};
/* End PBXNativeTarget section */

/* Begin PBXProject section */
		606432701DCDED5000F64334 /* Project object */ = {
			isa = PBXProject;
			attributes = {
				LastSwiftUpdateCheck = 0730;
				LastUpgradeCheck = 0730;
				ORGANIZATIONNAME = artsiom_karseka;
				TargetAttributes = {
					606432771DCDED5000F64334 = {
						CreatedOnToolsVersion = 7.3.1;
					};
				};
			};
			buildConfigurationList = 606432731DCDED5000F64334 /* Build configuration list for PBXProject "revert" */;
			compatibilityVersion = "Xcode 3.2";
			developmentRegion = English;
			hasScannedForEncodings = 0;
			knownRegions = (
				en,
				Base,
			);
			mainGroup = 6064326F1DCDED5000F64334;
			productRefGroup = 606432791DCDED5000F64334 /* Products */;
			projectDirPath = "";
			projectRoot = "";
			targets = (
				606432771DCDED5000F64334 /* revert */,
			);
		};
/* End PBXProject section */

/* Begin PBXResourcesBuildPhase section */
		606432761DCDED5000F64334 /* Resources */ = {
			isa = PBXResourcesBuildPhase;
			buildActionMask = 2147483647;
			files = (
				606432861DCDED5100F64334 /* LaunchScreen.storyboard in Resources */,
				606432831DCDED5100F64334 /* Assets.xcassets in Resources */,
				606432811DCDED5100F64334 /* Main.storyboard in Resources */,
			);
			runOnlyForDeploymentPostprocessing = 0;
		};
/* End PBXResourcesBuildPhase section */

/* Begin PBXSourcesBuildPhase section */
		606432741DCDED5000F64334 /* Sources */ = {
			isa = PBXSourcesBuildPhase;
			buildActionMask = 2147483647;
			files = (
				6064327E1DCDED5000F64334 /* ViewController.swift in Sources */,
				6064327C1DCDED5000F64334 /* AppDelegate.swift in Sources */,
			);
			runOnlyForDeploymentPostprocessing = 0;
		};
/* End PBXSourcesBuildPhase section */

/* Begin PBXVariantGroup section */
		6064327F1DCDED5100F64334 /* Main.storyboard */ = {
			isa = PBXVariantGroup;
			children = (
				606432801DCDED5100F64334 /* Base */,
			);
			name = Main.storyboard;
			sourceTree = "<group>";
		};
		606432841DCDED5100F64334 /* LaunchScreen.storyboard */ = {
			isa = PBXVariantGroup;
			children = (
				606432851DCDED5100F64334 /* Base */,
			);
			name = LaunchScreen.storyboard;
			sourceTree = "<group>";
		};
/* End PBXVariantGroup section */

/* Begin XCBuildConfiguration section */
		606432881DCDED5100F64334 /* Debug */ = {
			isa = XCBuildConfiguration;
			buildSettings = {
				ALWAYS_SEARCH_USER_PATHS = NO;
				CLANG_ANALYZER_NONNULL = YES;
				CLANG_CXX_LANGUAGE_STANDARD = "gnu++0x";
				CLANG_CXX_LIBRARY = "libc++";
				CLANG_ENABLE_MODULES = YES;
				CLANG_ENABLE_OBJC_ARC = YES;
				CLANG_WARN_BOOL_CONVERSION = YES;
				CLANG_WARN_CONSTANT_CONVERSION = YES;
				CLANG_WARN_DIRECT_OBJC_ISA_USAGE = YES_ERROR;
				CLANG_WARN_EMPTY_BODY = YES;
				CLANG_WARN_ENUM_CONVERSION = YES;
				CLANG_WARN_INT_CONVERSION = YES;
				CLANG_WARN_OBJC_ROOT_CLASS = YES_ERROR;
				CLANG_WARN_UNREACHABLE_CODE = YES;
				CLANG_WARN__DUPLICATE_METHOD_MATCH = YES;
				"CODE_SIGN_IDENTITY[sdk=iphoneos*]" = "iPhone Developer";
				COPY_PHASE_STRIP = NO;
				DEBUG_INFORMATION_FORMAT = dwarf;
				ENABLE_STRICT_OBJC_MSGSEND = YES;
				ENABLE_TESTABILITY = YES;
				GCC_C_LANGUAGE_STANDARD = gnu99;
				GCC_DYNAMIC_NO_PIC = NO;
				GCC_NO_COMMON_BLOCKS = YES;
				GCC_OPTIMIZATION_LEVEL = 0;
				GCC_PREPROCESSOR_DEFINITIONS = (
					"DEBUG=1",
					"$(inherited)",
				);
				GCC_WARN_64_TO_32_BIT_CONVERSION = YES;
				GCC_WARN_ABOUT_RETURN_TYPE = YES_ERROR;
				GCC_WARN_UNDECLARED_SELECTOR = YES;
				GCC_WARN_UNINITIALIZED_AUTOS = YES_AGGRESSIVE;
				GCC_WARN_UNUSED_FUNCTION = YES;
				GCC_WARN_UNUSED_VARIABLE = YES;
				IPHONEOS_DEPLOYMENT_TARGET = 9.3;
				MTL_ENABLE_DEBUG_INFO = YES;
				ONLY_ACTIVE_ARCH = YES;
				SDKROOT = iphoneos;
				SWIFT_OPTIMIZATION_LEVEL = "-Onone";
			};
			name = Debug;
		};
		606432891DCDED5100F64334 /* Release */ = {
			isa = XCBuildConfiguration;
			buildSettings = {
				ALWAYS_SEARCH_USER_PATHS = NO;
				CLANG_ANALYZER_NONNULL = YES;
				CLANG_CXX_LANGUAGE_STANDARD = "gnu++0x";
				CLANG_CXX_LIBRARY = "libc++";
				CLANG_ENABLE_MODULES = YES;
				CLANG_ENABLE_OBJC_ARC = YES;
				CLANG_WARN_BOOL_CONVERSION = YES;
				CLANG_WARN_CONSTANT_CONVERSION = YES;
				CLANG_WARN_DIRECT_OBJC_ISA_USAGE = YES_ERROR;
				CLANG_WARN_EMPTY_BODY = YES;
				CLANG_WARN_ENUM_CONVERSION = YES;
				CLANG_WARN_INT_CONVERSION = YES;
				CLANG_WARN_OBJC_ROOT_CLASS = YES_ERROR;
				CLANG_WARN_UNREACHABLE_CODE = YES;
				CLANG_WARN__DUPLICATE_METHOD_MATCH = YES;
				"CODE_SIGN_IDENTITY[sdk=iphoneos*]" = "iPhone Developer";
				COPY_PHASE_STRIP = NO;
				DEBUG_INFORMATION_FORMAT = "dwarf-with-dsym";
				ENABLE_NS_ASSERTIONS = NO;
				ENABLE_STRICT_OBJC_MSGSEND = YES;
				GCC_C_LANGUAGE_STANDARD = gnu99;
				GCC_NO_COMMON_BLOCKS = YES;
				GCC_WARN_64_TO_32_BIT_CONVERSION = YES;
				GCC_WARN_ABOUT_RETURN_TYPE = YES_ERROR;
				GCC_WARN_UNDECLARED_SELECTOR = YES;
				GCC_WARN_UNINITIALIZED_AUTOS = YES_AGGRESSIVE;
				GCC_WARN_UNUSED_FUNCTION = YES;
				GCC_WARN_UNUSED_VARIABLE = YES;
				IPHONEOS_DEPLOYMENT_TARGET = 9.3;
				MTL_ENABLE_DEBUG_INFO = NO;
				SDKROOT = iphoneos;
				VALIDATE_PRODUCT = YES;
			};
			name = Release;
		};
		6064328B1DCDED5100F64334 /* Debug */ = {
			isa = XCBuildConfiguration;
			buildSettings = {
				ASSETCATALOG_COMPILER_APPICON_NAME = AppIcon;
				INFOPLIST_FILE = revert/Info.plist;
				LD_RUNPATH_SEARCH_PATHS = "$(inherited) @executable_path/Frameworks";
				PRODUCT_BUNDLE_IDENTIFIER = "artsiom-karseka.revert";
				PRODUCT_NAME = "$(TARGET_NAME)";
			};
			name = Debug;
		};
		6064328C1DCDED5100F64334 /* Release */ = {
			isa = XCBuildConfiguration;
			buildSettings = {
				ASSETCATALOG_COMPILER_APPICON_NAME = AppIcon;
				INFOPLIST_FILE = revert/Info.plist;
				LD_RUNPATH_SEARCH_PATHS = "$(inherited) @executable_path/Frameworks";
				PRODUCT_BUNDLE_IDENTIFIER = "artsiom-karseka.revert";
				PRODUCT_NAME = "$(TARGET_NAME)";
			};
			name = Release;
		};
/* End XCBuildConfiguration section */

/* Begin XCConfigurationList section */
		606432731DCDED5000F64334 /* Build configuration list for PBXProject "revert" */ = {
			isa = XCConfigurationList;
			buildConfigurations = (
				606432881DCDED5100F64334 /* Debug */,
				606432891DCDED5100F64334 /* Release */,
			);
			defaultConfigurationIsVisible = 0;
			defaultConfigurationName = Release;
		};
		6064328A1DCDED5100F64334 /* Build configuration list for PBXNativeTarget "revert" */ = {
			isa = XCConfigurationList;
			buildConfigurations = (
				6064328B1DCDED5100F64334 /* Debug */,
				6064328C1DCDED5100F64334 /* Release */,
			);
			defaultConfigurationIsVisible = 0;
		};
/* End XCConfigurationList section */
	};
	rootObject = 606432701DCDED5000F64334 /* Project object */;
}
